
Microsoft Visual Studio Solution File, Format Version 12.00
# Visual Studio Version 16
VisualStudioVersion = 16.0.28922.388
MinimumVisualStudioVersion = 10.0.40219.1
Project("{9A19103F-16F7-4668-BE54-9A1E7A4F7556}") = "Api", "Api\Api.csproj", "{5AB423CB-7184-4F24-BC03-08E2FD4DF05C}"
EndProject
Project("{2150E333-8FDC-42A3-9474-1A3956D46DE8}") = "01-Presentation", "01-Presentation", "{EC12F76F-6D96-4164-BC74-90DEC3C37AE9}"
EndProject
Project("{2150E333-8FDC-42A3-9474-1A3956D46DE8}") = "03-Application", "03-Application", "{E22982B9-C9B3-4F38-B157-AF117BFC7275}"
EndProject
Project("{2150E333-8FDC-42A3-9474-1A3956D46DE8}") = "04-Domain", "04-Domain", "{89837A4D-FE9F-4F79-8500-C3C6E05318D1}"
EndProject
Project("{2150E333-8FDC-42A3-9474-1A3956D46DE8}") = "05-Infra", "05-Infra", "{0E4A0FCF-47CA-46EF-AB07-20D1482E2281}"
EndProject
Project("{9A19103F-16F7-4668-BE54-9A1E7A4F7556}") = "CrossCutting", "CrossCutting\CrossCutting.csproj", "{1B5D1E59-FA0C-4B72-AA6C-DDE76A92EF6C}"
EndProject
Project("{9A19103F-16F7-4668-BE54-9A1E7A4F7556}") = "CrossCutting.IoC", "CrossCutting.IoC\CrossCutting.IoC.csproj", "{CF45532F-8B1B-46FB-8365-C429F5FD553D}"
EndProject
Project("{9A19103F-16F7-4668-BE54-9A1E7A4F7556}") = "Data", "Data\Data.csproj", "{6679B745-CEFE-4478-BE0F-3CC29610F222}"
EndProject
Project("{2150E333-8FDC-42A3-9474-1A3956D46DE8}") = "02-Api", "02-Api", "{D66A3285-2AB4-40D9-B4B2-6B513E869AFC}"
EndProject
Project("{9A19103F-16F7-4668-BE54-9A1E7A4F7556}") = "Application", "Application\Application.csproj", "{F738A338-5745-435A-9DCF-BAEBA9743D87}"
EndProject
Project("{9A19103F-16F7-4668-BE54-9A1E7A4F7556}") = "CrossCutting.Services", "Infra\CrossCutting.Services.csproj", "{8546876D-2F89-40C8-BF4C-D53BD8613332}"
EndProject
Project("{9A19103F-16F7-4668-BE54-9A1E7A4F7556}") = "Domain", "Domain\Domain.csproj", "{220443CD-2C69-4E72-B453-BC1DC5114ABC}"
EndProject
Project("{9A19103F-16F7-4668-BE54-9A1E7A4F7556}") = "CleanUp", "CleanUp\CleanUp.csproj", "{96389AF8-C5B1-4549-B164-004DA90DE59C}"
EndProject
Project("{9A19103F-16F7-4668-BE54-9A1E7A4F7556}") = "Templates", "Templates\Templates.csproj", "{31F6DC0C-B136-4966-9D4C-8AC45C299599}"
EndProject
Project("{9A19103F-16F7-4668-BE54-9A1E7A4F7556}") = "Web", "Web\Web.csproj", "{2D8DE722-838A-4B79-8498-110C0B352D85}"
EndProject
Global
	GlobalSection(SolutionConfigurationPlatforms) = preSolution
		Debug|Any CPU = Debug|Any CPU
		Release|Any CPU = Release|Any CPU
	EndGlobalSection
	GlobalSection(ProjectConfigurationPlatforms) = postSolution
		{5AB423CB-7184-4F24-BC03-08E2FD4DF05C}.Debug|Any CPU.ActiveCfg = Debug|Any CPU
		{5AB423CB-7184-4F24-BC03-08E2FD4DF05C}.Debug|Any CPU.Build.0 = Debug|Any CPU
		{5AB423CB-7184-4F24-BC03-08E2FD4DF05C}.Release|Any CPU.ActiveCfg = Release|Any CPU
		{5AB423CB-7184-4F24-BC03-08E2FD4DF05C}.Release|Any CPU.Build.0 = Release|Any CPU
		{1B5D1E59-FA0C-4B72-AA6C-DDE76A92EF6C}.Debug|Any CPU.ActiveCfg = Debug|Any CPU
		{1B5D1E59-FA0C-4B72-AA6C-DDE76A92EF6C}.Debug|Any CPU.Build.0 = Debug|Any CPU
		{1B5D1E59-FA0C-4B72-AA6C-DDE76A92EF6C}.Release|Any CPU.ActiveCfg = Release|Any CPU
		{1B5D1E59-FA0C-4B72-AA6C-DDE76A92EF6C}.Release|Any CPU.Build.0 = Release|Any CPU
		{CF45532F-8B1B-46FB-8365-C429F5FD553D}.Debug|Any CPU.ActiveCfg = Debug|Any CPU
		{CF45532F-8B1B-46FB-8365-C429F5FD553D}.Debug|Any CPU.Build.0 = Debug|Any CPU
		{CF45532F-8B1B-46FB-8365-C429F5FD553D}.Release|Any CPU.ActiveCfg = Release|Any CPU
		{CF45532F-8B1B-46FB-8365-C429F5FD553D}.Release|Any CPU.Build.0 = Release|Any CPU
		{6679B745-CEFE-4478-BE0F-3CC29610F222}.Debug|Any CPU.ActiveCfg = Debug|Any CPU
		{6679B745-CEFE-4478-BE0F-3CC29610F222}.Debug|Any CPU.Build.0 = Debug|Any CPU
		{6679B745-CEFE-4478-BE0F-3CC29610F222}.Release|Any CPU.ActiveCfg = Release|Any CPU
		{6679B745-CEFE-4478-BE0F-3CC29610F222}.Release|Any CPU.Build.0 = Release|Any CPU
		{F738A338-5745-435A-9DCF-BAEBA9743D87}.Debug|Any CPU.ActiveCfg = Debug|Any CPU
		{F738A338-5745-435A-9DCF-BAEBA9743D87}.Debug|Any CPU.Build.0 = Debug|Any CPU
		{F738A338-5745-435A-9DCF-BAEBA9743D87}.Release|Any CPU.ActiveCfg = Release|Any CPU
		{F738A338-5745-435A-9DCF-BAEBA9743D87}.Release|Any CPU.Build.0 = Release|Any CPU
		{8546876D-2F89-40C8-BF4C-D53BD8613332}.Debug|Any CPU.ActiveCfg = Debug|Any CPU
		{8546876D-2F89-40C8-BF4C-D53BD8613332}.Debug|Any CPU.Build.0 = Debug|Any CPU
		{8546876D-2F89-40C8-BF4C-D53BD8613332}.Release|Any CPU.ActiveCfg = Release|Any CPU
		{8546876D-2F89-40C8-BF4C-D53BD8613332}.Release|Any CPU.Build.0 = Release|Any CPU
		{220443CD-2C69-4E72-B453-BC1DC5114ABC}.Debug|Any CPU.ActiveCfg = Debug|Any CPU
		{220443CD-2C69-4E72-B453-BC1DC5114ABC}.Debug|Any CPU.Build.0 = Debug|Any CPU
		{220443CD-2C69-4E72-B453-BC1DC5114ABC}.Release|Any CPU.ActiveCfg = Release|Any CPU
		{220443CD-2C69-4E72-B453-BC1DC5114ABC}.Release|Any CPU.Build.0 = Release|Any CPU
		{96389AF8-C5B1-4549-B164-004DA90DE59C}.Debug|Any CPU.ActiveCfg = Debug|Any CPU
		{96389AF8-C5B1-4549-B164-004DA90DE59C}.Debug|Any CPU.Build.0 = Debug|Any CPU
		{96389AF8-C5B1-4549-B164-004DA90DE59C}.Release|Any CPU.ActiveCfg = Release|Any CPU
		{96389AF8-C5B1-4549-B164-004DA90DE59C}.Release|Any CPU.Build.0 = Release|Any CPU
		{31F6DC0C-B136-4966-9D4C-8AC45C299599}.Debug|Any CPU.ActiveCfg = Debug|Any CPU
		{31F6DC0C-B136-4966-9D4C-8AC45C299599}.Debug|Any CPU.Build.0 = Debug|Any CPU
		{31F6DC0C-B136-4966-9D4C-8AC45C299599}.Release|Any CPU.ActiveCfg = Release|Any CPU
		{31F6DC0C-B136-4966-9D4C-8AC45C299599}.Release|Any CPU.Build.0 = Release|Any CPU
		{2D8DE722-838A-4B79-8498-110C0B352D85}.Debug|Any CPU.ActiveCfg = Debug|Any CPU
		{2D8DE722-838A-4B79-8498-110C0B352D85}.Debug|Any CPU.Build.0 = Debug|Any CPU
		{2D8DE722-838A-4B79-8498-110C0B352D85}.Release|Any CPU.ActiveCfg = Release|Any CPU
		{2D8DE722-838A-4B79-8498-110C0B352D85}.Release|Any CPU.Build.0 = Release|Any CPU
	EndGlobalSection
	GlobalSection(SolutionProperties) = preSolution
		HideSolutionNode = FALSE
	EndGlobalSection
	GlobalSection(NestedProjects) = preSolution
		{5AB423CB-7184-4F24-BC03-08E2FD4DF05C} = {D66A3285-2AB4-40D9-B4B2-6B513E869AFC}
		{1B5D1E59-FA0C-4B72-AA6C-DDE76A92EF6C} = {0E4A0FCF-47CA-46EF-AB07-20D1482E2281}
		{CF45532F-8B1B-46FB-8365-C429F5FD553D} = {0E4A0FCF-47CA-46EF-AB07-20D1482E2281}
		{6679B745-CEFE-4478-BE0F-3CC29610F222} = {0E4A0FCF-47CA-46EF-AB07-20D1482E2281}
		{F738A338-5745-435A-9DCF-BAEBA9743D87} = {E22982B9-C9B3-4F38-B157-AF117BFC7275}
		{8546876D-2F89-40C8-BF4C-D53BD8613332} = {0E4A0FCF-47CA-46EF-AB07-20D1482E2281}
		{220443CD-2C69-4E72-B453-BC1DC5114ABC} = {89837A4D-FE9F-4F79-8500-C3C6E05318D1}
		{96389AF8-C5B1-4549-B164-004DA90DE59C} = {0E4A0FCF-47CA-46EF-AB07-20D1482E2281}
		{31F6DC0C-B136-4966-9D4C-8AC45C299599} = {0E4A0FCF-47CA-46EF-AB07-20D1482E2281}
	EndGlobalSection
	GlobalSection(ExtensibilityGlobals) = postSolution
		SolutionGuid = {4060E0BF-9B66-47BF-8378-704B189C6668}
	EndGlobalSection
EndGlobal
